<?xml version="1.0" encoding="utf-8"?>
<Project ToolsVersion="4.0" xmlns="http://schemas.microsoft.com/developer/msbuild/2003">
  <ItemGroup>
    <Filter Include="Source Files">
      <UniqueIdentifier>{4FC737F1-C7A5-4376-A066-2A32D752A2FF}</UniqueIdentifier>
      <Extensions>cpp;c;cc;cxx;c++;cppm;ixx;def;odl;idl;hpj;bat;asm;asmx</Extensions>
    </Filter>
    <Filter Include="Header Files">
      <UniqueIdentifier>{93995380-89BD-4b04-88EB-625FBE52EBFB}</UniqueIdentifier>
      <Extensions>h;hh;hpp;hxx;h++;hm;inl;inc;ipp;xsd</Extensions>
    </Filter>
    <Filter Include="Resource Files">
      <UniqueIdentifier>{a3882fc9-d406-45fe-9a0d-ff62dc0577c9}</UniqueIdentifier>
      <Extensions>chr</Extensions>
    </Filter>
  </ItemGroup>
  <ItemGroup>
    <ClCompile Include="main.cpp">
      <Filter>Source Files</Filter>
    </ClCompile>
    <ClCompile Include="CPU.cpp">
      <Filter>Source Files</Filter>
    </ClCompile>
    <ClCompile Include="ines.cpp">
      <Filter>Source Files</Filter>
    </ClCompile>
    <ClCompile Include="nes_ppu.cpp">
      <Filter>Source Files</Filter>
    </ClCompile>
    <ClCompile Include="Bus.cpp">
      <Filter>Source Files</Filter>
    </ClCompile>
    <ClCompile Include="Cartridge.cpp">
      <Filter>Source Files</Filter>
    </ClCompile>
    <ClCompile Include="Core.cpp">
      <Filter>Source Files</Filter>
    </ClCompile>
  </ItemGroup>
  <ItemGroup>
    <ClInclude Include="main.h">
      <Filter>Header Files</Filter>
    </ClInclude>
    <ClInclude Include="CPU.h">
      <Filter>Header Files</Filter>
    </ClInclude>
    <ClInclude Include="ines.h">
      <Filter>Header Files</Filter>
    </ClInclude>
    <ClInclude Include="nes_ppu.h">
      <Filter>Header Files</Filter>
    </ClInclude>
    <ClInclude Include="Bus.h">
      <Filter>Header Files</Filter>
    </ClInclude>
    <ClInclude Include="Cartridge.h">
      <Filter>Header Files</Filter>
    </ClInclude>
    <ClInclude Include="Core.h">
      <Filter>Header Files</Filter>
    </ClInclude>
  </ItemGroup>
</Project>