<?xml version="1.0" encoding="utf-8"?>
<Project ToolsVersion="4.0" xmlns="http://schemas.microsoft.com/developer/msbuild/2003">
  <ItemGroup>
    <Filter Include="Source Files">
      <UniqueIdentifier>{4FC737F1-C7A5-4376-A066-2A32D752A2FF}</UniqueIdentifier>
      <Extensions>cpp;c;cc;cxx;c++;cppm;ixx;def;odl;idl;hpj;bat;asm;asmx</Extensions>
    </Filter>
    <Filter Include="Header Files">
      <UniqueIdentifier>{93995380-89BD-4b04-88EB-625FBE52EBFB}</UniqueIdentifier>
      <Extensions>h;hh;hpp;hxx;h++;hm;inl;inc;ipp;xsd</Extensions>
    </Filter>
    <Filter Include="Resource Files">
      <UniqueIdentifier>{a3882fc9-d406-45fe-9a0d-ff62dc0577c9}</UniqueIdentifier>
      <Extensions>chr</Extensions>
    </Filter>
  </ItemGroup>
  <ItemGroup>
    <ClCompile Include="main.cpp">
      <Filter>Source Files</Filter>
    </ClCompile>
    <ClCompile Include="CPU.cpp">
      <Filter>Source Files</Filter>
    </ClCompile>
    <ClCompile Include="INESLoader.cpp">
      <Filter>Source Files</Filter>
    </ClCompile>
    <ClCompile Include="PPU.cpp">
      <Filter>Source Files</Filter>
    </ClCompile>
    <ClCompile Include="Bus.cpp">
      <Filter>Source Files</Filter>
    </ClCompile>
    <ClCompile Include="Cartridge.cpp">
      <Filter>Source Files</Filter>
    </ClCompile>
    <ClCompile Include="Core.cpp">
      <Filter>Source Files</Filter>
    </ClCompile>
    <ClCompile Include="HexViewer.cpp">
      <Filter>Source Files</Filter>
    </ClCompile>
    <ClCompile Include="APU.cpp">
      <Filter>Source Files</Filter>
    </ClCompile>
    <ClCompile Include="AudioBackend.cpp">
      <Filter>Source Files</Filter>
    </ClCompile>
    <ClCompile Include="Input.cpp">
      <Filter>Source Files</Filter>
    </ClCompile>
    <ClCompile Include="PPUold.cpp">
      <Filter>Source Files</Filter>
    </ClCompile>
    <ClCompile Include="RendererSlow.cpp">
      <Filter>Source Files</Filter>
    </ClCompile>
    <ClCompile Include="RendererWithReg.cpp">
      <Filter>Source Files</Filter>
    </ClCompile>
    <ClCompile Include="MMC1.cpp">
      <Filter>Source Files</Filter>
    </ClCompile>
    <ClCompile Include="NROM.cpp">
      <Filter>Source Files</Filter>
    </ClCompile>
    <ClCompile Include="PPUViewer.cpp">
      <Filter>Source Files</Filter>
    </ClCompile>
    <ClCompile Include="RendererLoopy.cpp">
      <Filter>Source Files</Filter>
    </ClCompile>
    <ClCompile Include="MMC3.cpp">
      <Filter>Source Files</Filter>
    </ClCompile>
    <ClCompile Include="UxROMMapper.cpp">
      <Filter>Source Files</Filter>
    </ClCompile>
    <ClCompile Include="MainWindow.cpp">
      <Filter>Source Files</Filter>
    </ClCompile>
    <ClCompile Include="Nes.cpp">
      <Filter>Source Files</Filter>
    </ClCompile>
    <ClCompile Include="EmulatorCore.cpp">
      <Filter>Source Files</Filter>
    </ClCompile>
    <ClCompile Include="SharedContext.cpp">
      <Filter>Source Files</Filter>
    </ClCompile>
    <ClCompile Include="MemoryMapper.cpp">
      <Filter>Source Files</Filter>
    </ClCompile>
  </ItemGroup>
  <ItemGroup>
    <ClInclude Include="main.h">
      <Filter>Header Files</Filter>
    </ClInclude>
    <ClInclude Include="CPU.h">
      <Filter>Header Files</Filter>
    </ClInclude>
    <ClInclude Include="INESLoader.h">
      <Filter>Header Files</Filter>
    </ClInclude>
    <ClInclude Include="PPU.h">
      <Filter>Header Files</Filter>
    </ClInclude>
    <ClInclude Include="Bus.h">
      <Filter>Header Files</Filter>
    </ClInclude>
    <ClInclude Include="Cartridge.h">
      <Filter>Header Files</Filter>
    </ClInclude>
    <ClInclude Include="Core.h">
      <Filter>Header Files</Filter>
    </ClInclude>
    <ClInclude Include="HexViewer.h">
      <Filter>Header Files</Filter>
    </ClInclude>
    <ClInclude Include="resource.h">
      <Filter>Header Files</Filter>
    </ClInclude>
    <ClInclude Include="APU.h">
      <Filter>Header Files</Filter>
    </ClInclude>
    <ClInclude Include="AudioBackend.h">
      <Filter>Header Files</Filter>
    </ClInclude>
    <ClInclude Include="Input.h">
      <Filter>Header Files</Filter>
    </ClInclude>
    <ClInclude Include="PPUold.h">
      <Filter>Header Files</Filter>
    </ClInclude>
    <ClInclude Include="RendererSlow.h">
      <Filter>Header Files</Filter>
    </ClInclude>
    <ClInclude Include="Renderer.h">
      <Filter>Header Files</Filter>
    </ClInclude>
    <ClInclude Include="RendererWithReg.h">
      <Filter>Header Files</Filter>
    </ClInclude>
    <ClInclude Include="MMC1.h">
      <Filter>Header Files</Filter>
    </ClInclude>
    <ClInclude Include="NROM.h">
      <Filter>Header Files</Filter>
    </ClInclude>
    <ClInclude Include="Mapper.h">
      <Filter>Header Files</Filter>
    </ClInclude>
    <ClInclude Include="PPUViewer.h">
      <Filter>Header Files</Filter>
    </ClInclude>
    <ClInclude Include="RendererLoopy.h">
      <Filter>Header Files</Filter>
    </ClInclude>
    <ClInclude Include="MMC3.h">
      <Filter>Header Files</Filter>
    </ClInclude>
    <ClInclude Include="A12Mapper.h">
      <Filter>Header Files</Filter>
    </ClInclude>
    <ClInclude Include="UxROMMapper.h">
      <Filter>Header Files</Filter>
    </ClInclude>
    <ClInclude Include="MainWindow.h">
      <Filter>Header Files</Filter>
    </ClInclude>
    <ClInclude Include="Nes.h">
      <Filter>Header Files</Filter>
    </ClInclude>
    <ClInclude Include="EmulatorCore.h">
      <Filter>Header Files</Filter>
    </ClInclude>
    <ClInclude Include="SharedContext.h">
      <Filter>Header Files</Filter>
    </ClInclude>
    <ClInclude Include="CommandQueue.h">
      <Filter>Header Files</Filter>
    </ClInclude>
    <ClInclude Include="AudioRingBuffer.h">
      <Filter>Header Files</Filter>
    </ClInclude>
    <ClInclude Include="MemoryMapper.h">
      <Filter>Header Files</Filter>
    </ClInclude>
    <ClInclude Include="RAMMapper.h">
      <Filter>Header Files</Filter>
    </ClInclude>
  </ItemGroup>
  <ItemGroup>
    <ResourceCompile Include="BlueNES.rc">
      <Filter>Resource Files</Filter>
    </ResourceCompile>
  </ItemGroup>
  <ItemGroup>
    <None Include="..\..\readme.md" />
  </ItemGroup>
</Project>