
Microsoft Visual Studio Solution File, Format Version 12.00
# Visual Studio Version 17
VisualStudioVersion = 17.14.36109.1
MinimumVisualStudioVersion = 10.0.40219.1
Project("{8BC9CEB8-8B4A-11D0-8D11-00A0C91BC942}") = "BlueNES", "BlueNES\BlueNES.vcxproj", "{816B9C88-CADF-4EBA-97B6-522AD49092A9}"
EndProject
Project("{2150E333-8FDC-42A3-9474-1A3956D46DE8}") = "Git", "Git", "{02EA681E-C7D8-13C7-8484-4AC65E1B71E8}"
	ProjectSection(SolutionItems) = preProject
		..\.gitignore = ..\.gitignore
	EndProjectSection
EndProject
Project("{8BC9CEB8-8B4A-11D0-8D11-00A0C91BC942}") = "TestRunner", "TestRunner\TestRunner.vcxproj", "{01A8E33B-FA24-473E-A569-BD1785C8918B}"
EndProject
Project("{8BC9CEB8-8B4A-11D0-8D11-00A0C91BC942}") = "BlueNES.Test", "BlueNES.Test\BlueNES.Test.vcxproj", "{93B8402C-BA3F-3C78-45F3-74E3C2C05D92}"
EndProject
Project("{8BC9CEB8-8B4A-11D0-8D11-00A0C91BC942}") = "BlueNES.LoadTest", "BlueNES.LoadTest\BlueNES.LoadTest.vcxproj", "{77C0A9F2-1E0E-47D6-82AC-B265078B5B69}"
EndProject
Global
	GlobalSection(SolutionConfigurationPlatforms) = preSolution
		Debug|x64 = Debug|x64
		Debug|x86 = Debug|x86
		Release|x64 = Release|x64
		Release|x86 = Release|x86
	EndGlobalSection
	GlobalSection(ProjectConfigurationPlatforms) = postSolution
		{816B9C88-CADF-4EBA-97B6-522AD49092A9}.Debug|x64.ActiveCfg = Debug|x64
		{816B9C88-CADF-4EBA-97B6-522AD49092A9}.Debug|x64.Build.0 = Debug|x64
		{816B9C88-CADF-4EBA-97B6-522AD49092A9}.Debug|x86.ActiveCfg = Debug|Win32
		{816B9C88-CADF-4EBA-97B6-522AD49092A9}.Debug|x86.Build.0 = Debug|Win32
		{816B9C88-CADF-4EBA-97B6-522AD49092A9}.Release|x64.ActiveCfg = Release|x64
		{816B9C88-CADF-4EBA-97B6-522AD49092A9}.Release|x64.Build.0 = Release|x64
		{816B9C88-CADF-4EBA-97B6-522AD49092A9}.Release|x86.ActiveCfg = Release|Win32
		{816B9C88-CADF-4EBA-97B6-522AD49092A9}.Release|x86.Build.0 = Release|Win32
		{01A8E33B-FA24-473E-A569-BD1785C8918B}.Debug|x64.ActiveCfg = Debug|x64
		{01A8E33B-FA24-473E-A569-BD1785C8918B}.Debug|x64.Build.0 = Debug|x64
		{01A8E33B-FA24-473E-A569-BD1785C8918B}.Debug|x86.ActiveCfg = Debug|Win32
		{01A8E33B-FA24-473E-A569-BD1785C8918B}.Debug|x86.Build.0 = Debug|Win32
		{01A8E33B-FA24-473E-A569-BD1785C8918B}.Release|x64.ActiveCfg = Release|x64
		{01A8E33B-FA24-473E-A569-BD1785C8918B}.Release|x64.Build.0 = Release|x64
		{01A8E33B-FA24-473E-A569-BD1785C8918B}.Release|x86.ActiveCfg = Release|Win32
		{01A8E33B-FA24-473E-A569-BD1785C8918B}.Release|x86.Build.0 = Release|Win32
		{93B8402C-BA3F-3C78-45F3-74E3C2C05D92}.Debug|x64.ActiveCfg = Debug|x64
		{93B8402C-BA3F-3C78-45F3-74E3C2C05D92}.Debug|x64.Build.0 = Debug|x64
		{93B8402C-BA3F-3C78-45F3-74E3C2C05D92}.Debug|x86.ActiveCfg = Debug|Win32
		{93B8402C-BA3F-3C78-45F3-74E3C2C05D92}.Debug|x86.Build.0 = Debug|Win32
		{93B8402C-BA3F-3C78-45F3-74E3C2C05D92}.Release|x64.ActiveCfg = Release|x64
		{93B8402C-BA3F-3C78-45F3-74E3C2C05D92}.Release|x64.Build.0 = Release|x64
		{93B8402C-BA3F-3C78-45F3-74E3C2C05D92}.Release|x86.ActiveCfg = Release|Win32
		{93B8402C-BA3F-3C78-45F3-74E3C2C05D92}.Release|x86.Build.0 = Release|Win32
		{77C0A9F2-1E0E-47D6-82AC-B265078B5B69}.Debug|x64.ActiveCfg = Debug|x64
		{77C0A9F2-1E0E-47D6-82AC-B265078B5B69}.Debug|x64.Build.0 = Debug|x64
		{77C0A9F2-1E0E-47D6-82AC-B265078B5B69}.Debug|x86.ActiveCfg = Debug|Win32
		{77C0A9F2-1E0E-47D6-82AC-B265078B5B69}.Debug|x86.Build.0 = Debug|Win32
		{77C0A9F2-1E0E-47D6-82AC-B265078B5B69}.Release|x64.ActiveCfg = Release|x64
		{77C0A9F2-1E0E-47D6-82AC-B265078B5B69}.Release|x64.Build.0 = Release|x64
		{77C0A9F2-1E0E-47D6-82AC-B265078B5B69}.Release|x86.ActiveCfg = Release|Win32
		{77C0A9F2-1E0E-47D6-82AC-B265078B5B69}.Release|x86.Build.0 = Release|Win32
	EndGlobalSection
	GlobalSection(SolutionProperties) = preSolution
		HideSolutionNode = FALSE
	EndGlobalSection
	GlobalSection(ExtensibilityGlobals) = postSolution
		SolutionGuid = {65C13E73-53D3-4C65-8191-6F2B4689C21F}
	EndGlobalSection
EndGlobal
